// !$*UTF8*$!
{
	archiveVersion = 1;
	classes = {
	};
	objectVersion = 46;
	objects = {

/* Begin PBXBuildFile section */
		2755A2701C724F2C006B5C5E /* AppDelegate.swift in Sources */ = {isa = PBXBuildFile; fileRef = 2755A26F1C724F2C006B5C5E /* AppDelegate.swift */; };
		2755A2721C724F2C006B5C5E /* MainPageViewController.swift in Sources */ = {isa = PBXBuildFile; fileRef = 2755A2711C724F2C006B5C5E /* MainPageViewController.swift */; };
		2755A2751C724F2C006B5C5E /* Main.storyboard in Resources */ = {isa = PBXBuildFile; fileRef = 2755A2731C724F2C006B5C5E /* Main.storyboard */; };
		2755A27A1C724F2C006B5C5E /* LaunchScreen.storyboard in Resources */ = {isa = PBXBuildFile; fileRef = 2755A2781C724F2C006B5C5E /* LaunchScreen.storyboard */; };
		2755A2851C724F2D006B5C5E /* LapsappTests.swift in Sources */ = {isa = PBXBuildFile; fileRef = 2755A2841C724F2D006B5C5E /* LapsappTests.swift */; };
		2755A2901C724F2D006B5C5E /* LapsappUITests.swift in Sources */ = {isa = PBXBuildFile; fileRef = 2755A28F1C724F2D006B5C5E /* LapsappUITests.swift */; };
		277139151C7285C1006D6E5E /* LoginScreenViewController.swift in Sources */ = {isa = PBXBuildFile; fileRef = 277139141C7285C0006D6E5E /* LoginScreenViewController.swift */; };
		27DBE17B1C75C72A00BF2482 /* Montserrat-Light.otf in Resources */ = {isa = PBXBuildFile; fileRef = 27DBE17A1C75C72A00BF2482 /* Montserrat-Light.otf */; };
		27DBE17D1C75D23000BF2482 /* SideMenuTableHeader.xib in Resources */ = {isa = PBXBuildFile; fileRef = 27DBE17C1C75D23000BF2482 /* SideMenuTableHeader.xib */; };
		27DBE17F1C75D39800BF2482 /* SideMenuTableHeader.swift in Sources */ = {isa = PBXBuildFile; fileRef = 27DBE17E1C75D39800BF2482 /* SideMenuTableHeader.swift */; };
		27DEA1371C7496E400737B06 /* FrostedViewController.swift in Sources */ = {isa = PBXBuildFile; fileRef = 27DEA1361C7496E400737B06 /* FrostedViewController.swift */; };
		27DEA1431C74995100737B06 /* BaseNavigationController.swift in Sources */ = {isa = PBXBuildFile; fileRef = 27DEA1421C74995100737B06 /* BaseNavigationController.swift */; };
		27DEA1471C749C6C00737B06 /* SideMenuViewController.swift in Sources */ = {isa = PBXBuildFile; fileRef = 27DEA1461C749C6C00737B06 /* SideMenuViewController.swift */; };
		27DEA1681C74A19400737B06 /* BrandsCollectionViewCell.swift in Sources */ = {isa = PBXBuildFile; fileRef = 27DEA1661C74A19400737B06 /* BrandsCollectionViewCell.swift */; };
		27DEA1691C74A19400737B06 /* BrandsCollectionViewCell.xib in Resources */ = {isa = PBXBuildFile; fileRef = 27DEA1671C74A19400737B06 /* BrandsCollectionViewCell.xib */; };
		27FB32DE1C74E264003A0BF7 /* SideMenuViewCell.swift in Sources */ = {isa = PBXBuildFile; fileRef = 27FB32DC1C74E264003A0BF7 /* SideMenuViewCell.swift */; };
		27FB32DF1C74E264003A0BF7 /* SideMenuViewCell.xib in Resources */ = {isa = PBXBuildFile; fileRef = 27FB32DD1C74E264003A0BF7 /* SideMenuViewCell.xib */; };
		27FB32E11C74F855003A0BF7 /* Assets.xcassets in Resources */ = {isa = PBXBuildFile; fileRef = 27FB32E01C74F855003A0BF7 /* Assets.xcassets */; };
		27FB32E51C74FBBE003A0BF7 /* test.mp4 in Resources */ = {isa = PBXBuildFile; fileRef = 27FB32E41C74FB2E003A0BF7 /* test.mp4 */; };
		27FB32F61C752D1F003A0BF7 /* test2.mp4 in Resources */ = {isa = PBXBuildFile; fileRef = 27FB32F51C752D1F003A0BF7 /* test2.mp4 */; };
		944A26055AC4E3FE8527F277 /* Pods.framework in Frameworks */ = {isa = PBXBuildFile; fileRef = 1538ABC9524110F4EC29965F /* Pods.framework */; };
/* End PBXBuildFile section */

/* Begin PBXContainerItemProxy section */
		2755A2811C724F2D006B5C5E /* PBXContainerItemProxy */ = {
			isa = PBXContainerItemProxy;
			containerPortal = 2755A2641C724F2C006B5C5E /* Project object */;
			proxyType = 1;
			remoteGlobalIDString = 2755A26B1C724F2C006B5C5E;
			remoteInfo = Lapsapp;
		};
		2755A28C1C724F2D006B5C5E /* PBXContainerItemProxy */ = {
			isa = PBXContainerItemProxy;
			containerPortal = 2755A2641C724F2C006B5C5E /* Project object */;
			proxyType = 1;
			remoteGlobalIDString = 2755A26B1C724F2C006B5C5E;
			remoteInfo = Lapsapp;
		};
		27DEA1271C747E5200737B06 /* PBXContainerItemProxy */ = {
			isa = PBXContainerItemProxy;
			containerPortal = 27DEA11D1C747E5200737B06 /* LapsSDK.xcodeproj */;
			proxyType = 2;
			remoteGlobalIDString = 27298B031C724097004CFEF2;
			remoteInfo = "LapsSDK iOS";
		};
		27DEA1291C747E5200737B06 /* PBXContainerItemProxy */ = {
			isa = PBXContainerItemProxy;
			containerPortal = 27DEA11D1C747E5200737B06 /* LapsSDK.xcodeproj */;
			proxyType = 2;
			remoteGlobalIDString = 27298B0D1C724097004CFEF2;
			remoteInfo = "LapsSDK iOS Tests";
		};
		27DEA12B1C747E5200737B06 /* PBXContainerItemProxy */ = {
			isa = PBXContainerItemProxy;
			containerPortal = 27DEA11D1C747E5200737B06 /* LapsSDK.xcodeproj */;
			proxyType = 2;
			remoteGlobalIDString = 5AF5B70C1C73A6E200266FB9;
			remoteInfo = "LapsSDK tvOS";
		};
		27DEA12D1C747E5200737B06 /* PBXContainerItemProxy */ = {
			isa = PBXContainerItemProxy;
			containerPortal = 27DEA11D1C747E5200737B06 /* LapsSDK.xcodeproj */;
			proxyType = 2;
			remoteGlobalIDString = 5AF5B7151C73A6E200266FB9;
			remoteInfo = "LapsSDK tvOS Tests";
		};
		27DEA12F1C747E5200737B06 /* PBXContainerItemProxy */ = {
			isa = PBXContainerItemProxy;
			containerPortal = 27DEA11D1C747E5200737B06 /* LapsSDK.xcodeproj */;
			proxyType = 2;
			remoteGlobalIDString = 5AF5B7281C73A6F700266FB9;
			remoteInfo = "LapsSDK OS X";
		};
		27DEA1311C747E5200737B06 /* PBXContainerItemProxy */ = {
			isa = PBXContainerItemProxy;
			containerPortal = 27DEA11D1C747E5200737B06 /* LapsSDK.xcodeproj */;
			proxyType = 2;
			remoteGlobalIDString = 5AF5B7311C73A6F800266FB9;
			remoteInfo = "LapsSDK OS X Tests";
		};
		27DEA1331C747E5200737B06 /* PBXContainerItemProxy */ = {
			isa = PBXContainerItemProxy;
			containerPortal = 27DEA11D1C747E5200737B06 /* LapsSDK.xcodeproj */;
			proxyType = 2;
			remoteGlobalIDString = 5AF5B6FF1C73A6CB00266FB9;
			remoteInfo = "LapsSDK watchOS";
		};
/* End PBXContainerItemProxy section */

/* Begin PBXFileReference section */
		1538ABC9524110F4EC29965F /* Pods.framework */ = {isa = PBXFileReference; explicitFileType = wrapper.framework; includeInIndex = 0; path = Pods.framework; sourceTree = BUILT_PRODUCTS_DIR; };
		2755A26C1C724F2C006B5C5E /* Lapsapp.app */ = {isa = PBXFileReference; explicitFileType = wrapper.application; includeInIndex = 0; path = Lapsapp.app; sourceTree = BUILT_PRODUCTS_DIR; };
		2755A26F1C724F2C006B5C5E /* AppDelegate.swift */ = {isa = PBXFileReference; lastKnownFileType = sourcecode.swift; path = AppDelegate.swift; sourceTree = "<group>"; };
		2755A2711C724F2C006B5C5E /* MainPageViewController.swift */ = {isa = PBXFileReference; lastKnownFileType = sourcecode.swift; path = MainPageViewController.swift; sourceTree = "<group>"; wrapsLines = 1; };
		2755A2741C724F2C006B5C5E /* Base */ = {isa = PBXFileReference; lastKnownFileType = file.storyboard; name = Base; path = Base.lproj/Main.storyboard; sourceTree = "<group>"; };
		2755A2791C724F2C006B5C5E /* Base */ = {isa = PBXFileReference; lastKnownFileType = file.storyboard; name = Base; path = Base.lproj/LaunchScreen.storyboard; sourceTree = "<group>"; };
		2755A27B1C724F2C006B5C5E /* Info.plist */ = {isa = PBXFileReference; lastKnownFileType = text.plist.xml; path = Info.plist; sourceTree = "<group>"; };
		2755A2801C724F2D006B5C5E /* LapsappTests.xctest */ = {isa = PBXFileReference; explicitFileType = wrapper.cfbundle; includeInIndex = 0; path = LapsappTests.xctest; sourceTree = BUILT_PRODUCTS_DIR; };
		2755A2841C724F2D006B5C5E /* LapsappTests.swift */ = {isa = PBXFileReference; lastKnownFileType = sourcecode.swift; path = LapsappTests.swift; sourceTree = "<group>"; };
		2755A2861C724F2D006B5C5E /* Info.plist */ = {isa = PBXFileReference; lastKnownFileType = text.plist.xml; path = Info.plist; sourceTree = "<group>"; };
		2755A28B1C724F2D006B5C5E /* LapsappUITests.xctest */ = {isa = PBXFileReference; explicitFileType = wrapper.cfbundle; includeInIndex = 0; path = LapsappUITests.xctest; sourceTree = BUILT_PRODUCTS_DIR; };
		2755A28F1C724F2D006B5C5E /* LapsappUITests.swift */ = {isa = PBXFileReference; lastKnownFileType = sourcecode.swift; path = LapsappUITests.swift; sourceTree = "<group>"; };
		2755A2911C724F2D006B5C5E /* Info.plist */ = {isa = PBXFileReference; lastKnownFileType = text.plist.xml; path = Info.plist; sourceTree = "<group>"; };
		277139141C7285C0006D6E5E /* LoginScreenViewController.swift */ = {isa = PBXFileReference; fileEncoding = 4; lastKnownFileType = sourcecode.swift; path = LoginScreenViewController.swift; sourceTree = "<group>"; };
		27DBE17A1C75C72A00BF2482 /* Montserrat-Light.otf */ = {isa = PBXFileReference; lastKnownFileType = file; path = "Montserrat-Light.otf"; sourceTree = "<group>"; };
		27DBE17C1C75D23000BF2482 /* SideMenuTableHeader.xib */ = {isa = PBXFileReference; fileEncoding = 4; lastKnownFileType = file.xib; path = SideMenuTableHeader.xib; sourceTree = "<group>"; };
		27DBE17E1C75D39800BF2482 /* SideMenuTableHeader.swift */ = {isa = PBXFileReference; fileEncoding = 4; lastKnownFileType = sourcecode.swift; path = SideMenuTableHeader.swift; sourceTree = "<group>"; };
		27DEA11D1C747E5200737B06 /* LapsSDK.xcodeproj */ = {isa = PBXFileReference; lastKnownFileType = "wrapper.pb-project"; name = LapsSDK.xcodeproj; path = "../../Laps-Cocoa-SDK/LapsSDK.xcodeproj"; sourceTree = "<group>"; };
		27DEA1361C7496E400737B06 /* FrostedViewController.swift */ = {isa = PBXFileReference; fileEncoding = 4; lastKnownFileType = sourcecode.swift; path = FrostedViewController.swift; sourceTree = "<group>"; wrapsLines = 1; };
		27DEA1421C74995100737B06 /* BaseNavigationController.swift */ = {isa = PBXFileReference; fileEncoding = 4; lastKnownFileType = sourcecode.swift; path = BaseNavigationController.swift; sourceTree = "<group>"; };
		27DEA1461C749C6C00737B06 /* SideMenuViewController.swift */ = {isa = PBXFileReference; fileEncoding = 4; lastKnownFileType = sourcecode.swift; path = SideMenuViewController.swift; sourceTree = "<group>"; wrapsLines = 0; };
		27DEA1661C74A19400737B06 /* BrandsCollectionViewCell.swift */ = {isa = PBXFileReference; fileEncoding = 4; lastKnownFileType = sourcecode.swift; path = BrandsCollectionViewCell.swift; sourceTree = "<group>"; };
		27DEA1671C74A19400737B06 /* BrandsCollectionViewCell.xib */ = {isa = PBXFileReference; fileEncoding = 4; lastKnownFileType = file.xib; path = BrandsCollectionViewCell.xib; sourceTree = "<group>"; };
		27FB32DC1C74E264003A0BF7 /* SideMenuViewCell.swift */ = {isa = PBXFileReference; fileEncoding = 4; lastKnownFileType = sourcecode.swift; path = SideMenuViewCell.swift; sourceTree = "<group>"; };
		27FB32DD1C74E264003A0BF7 /* SideMenuViewCell.xib */ = {isa = PBXFileReference; fileEncoding = 4; lastKnownFileType = file.xib; path = SideMenuViewCell.xib; sourceTree = "<group>"; };
		27FB32E01C74F855003A0BF7 /* Assets.xcassets */ = {isa = PBXFileReference; lastKnownFileType = folder.assetcatalog; path = Assets.xcassets; sourceTree = "<group>"; };
		27FB32E41C74FB2E003A0BF7 /* test.mp4 */ = {isa = PBXFileReference; lastKnownFileType = file; path = test.mp4; sourceTree = "<group>"; };
		27FB32F51C752D1F003A0BF7 /* test2.mp4 */ = {isa = PBXFileReference; lastKnownFileType = file; path = test2.mp4; sourceTree = "<group>"; };
		72488608B77ADABF88F4E00E /* Pods.debug.xcconfig */ = {isa = PBXFileReference; includeInIndex = 1; lastKnownFileType = text.xcconfig; name = Pods.debug.xcconfig; path = "Pods/Target Support Files/Pods/Pods.debug.xcconfig"; sourceTree = "<group>"; };
		D53975301D92A9C976A2AC1A /* Pods.release.xcconfig */ = {isa = PBXFileReference; includeInIndex = 1; lastKnownFileType = text.xcconfig; name = Pods.release.xcconfig; path = "Pods/Target Support Files/Pods/Pods.release.xcconfig"; sourceTree = "<group>"; };
/* End PBXFileReference section */

/* Begin PBXFrameworksBuildPhase section */
		2755A2691C724F2C006B5C5E /* Frameworks */ = {
			isa = PBXFrameworksBuildPhase;
			buildActionMask = 2147483647;
			files = (
				944A26055AC4E3FE8527F277 /* Pods.framework in Frameworks */,
			);
			runOnlyForDeploymentPostprocessing = 0;
		};
		2755A27D1C724F2D006B5C5E /* Frameworks */ = {
			isa = PBXFrameworksBuildPhase;
			buildActionMask = 2147483647;
			files = (
			);
			runOnlyForDeploymentPostprocessing = 0;
		};
		2755A2881C724F2D006B5C5E /* Frameworks */ = {
			isa = PBXFrameworksBuildPhase;
			buildActionMask = 2147483647;
			files = (
			);
			runOnlyForDeploymentPostprocessing = 0;
		};
/* End PBXFrameworksBuildPhase section */

/* Begin PBXGroup section */
		2755A2631C724F2C006B5C5E = {
			isa = PBXGroup;
			children = (
				2755A26E1C724F2C006B5C5E /* Lapsapp */,
				2755A2831C724F2D006B5C5E /* LapsappTests */,
				2755A28E1C724F2D006B5C5E /* LapsappUITests */,
				2755A26D1C724F2C006B5C5E /* Products */,
				C6FBA92068A8D91885CEEBB8 /* Pods */,
				3BF046CFA4920BC612FB103D /* Frameworks */,
			);
			sourceTree = "<group>";
		};
		2755A26D1C724F2C006B5C5E /* Products */ = {
			isa = PBXGroup;
			children = (
				2755A26C1C724F2C006B5C5E /* Lapsapp.app */,
				2755A2801C724F2D006B5C5E /* LapsappTests.xctest */,
				2755A28B1C724F2D006B5C5E /* LapsappUITests.xctest */,
			);
			name = Products;
			sourceTree = "<group>";
		};
		2755A26E1C724F2C006B5C5E /* Lapsapp */ = {
			isa = PBXGroup;
			children = (
				27DBE17A1C75C72A00BF2482 /* Montserrat-Light.otf */,
				27FB32F51C752D1F003A0BF7 /* test2.mp4 */,
				27FB32E41C74FB2E003A0BF7 /* test.mp4 */,
				2755A26F1C724F2C006B5C5E /* AppDelegate.swift */,
				27DEA1451C7499C600737B06 /* Login Screen */,
				27DEA1441C7499AE00737B06 /* Frosted View Controller */,
				27DEA13F1C7498F900737B06 /* Base Navigation Controller */,
				27DEA1481C749CDF00737B06 /* Side Menu */,
				27DEA1631C749F4D00737B06 /* Main Page */,
				2755A2731C724F2C006B5C5E /* Main.storyboard */,
				2755A2781C724F2C006B5C5E /* LaunchScreen.storyboard */,
				27FB32E01C74F855003A0BF7 /* Assets.xcassets */,
				2755A27B1C724F2C006B5C5E /* Info.plist */,
			);
			path = Lapsapp;
			sourceTree = "<group>";
		};
		2755A2831C724F2D006B5C5E /* LapsappTests */ = {
			isa = PBXGroup;
			children = (
				2755A2841C724F2D006B5C5E /* LapsappTests.swift */,
				2755A2861C724F2D006B5C5E /* Info.plist */,
			);
			path = LapsappTests;
			sourceTree = "<group>";
		};
		2755A28E1C724F2D006B5C5E /* LapsappUITests */ = {
			isa = PBXGroup;
			children = (
				2755A28F1C724F2D006B5C5E /* LapsappUITests.swift */,
				2755A2911C724F2D006B5C5E /* Info.plist */,
			);
			path = LapsappUITests;
			sourceTree = "<group>";
		};
		27DEA11E1C747E5200737B06 /* Products */ = {
			isa = PBXGroup;
			children = (
				27DEA1281C747E5200737B06 /* LapsSDK.framework */,
				27DEA12A1C747E5200737B06 /* LapsSDK iOS.xctest */,
				27DEA12C1C747E5200737B06 /* LapsSDK.framework */,
				27DEA12E1C747E5200737B06 /* LapsSDK iOS.xctest */,
				27DEA1301C747E5200737B06 /* LapsSDK.framework */,
				27DEA1321C747E5200737B06 /* LapsSDK iOS.xctest */,
				27DEA1341C747E5200737B06 /* LapsSDK.framework */,
			);
			name = Products;
			sourceTree = "<group>";
		};
		27DEA13F1C7498F900737B06 /* Base Navigation Controller */ = {
			isa = PBXGroup;
			children = (
				27DEA1421C74995100737B06 /* BaseNavigationController.swift */,
			);
			name = "Base Navigation Controller";
			sourceTree = "<group>";
		};
		27DEA1441C7499AE00737B06 /* Frosted View Controller */ = {
			isa = PBXGroup;
			children = (
				27DEA1361C7496E400737B06 /* FrostedViewController.swift */,
			);
			name = "Frosted View Controller";
			sourceTree = "<group>";
		};
		27DEA1451C7499C600737B06 /* Login Screen */ = {
			isa = PBXGroup;
			children = (
				277139141C7285C0006D6E5E /* LoginScreenViewController.swift */,
			);
			name = "Login Screen";
			sourceTree = "<group>";
		};
		27DEA1481C749CDF00737B06 /* Side Menu */ = {
			isa = PBXGroup;
			children = (
				27DEA1461C749C6C00737B06 /* SideMenuViewController.swift */,
				27FB32DC1C74E264003A0BF7 /* SideMenuViewCell.swift */,
				27FB32DD1C74E264003A0BF7 /* SideMenuViewCell.xib */,
				27DBE17E1C75D39800BF2482 /* SideMenuTableHeader.swift */,
				27DBE17C1C75D23000BF2482 /* SideMenuTableHeader.xib */,
			);
			name = "Side Menu";
			sourceTree = "<group>";
		};
		27DEA1631C749F4D00737B06 /* Main Page */ = {
			isa = PBXGroup;
			children = (
				2755A2711C724F2C006B5C5E /* MainPageViewController.swift */,
				27DEA1661C74A19400737B06 /* BrandsCollectionViewCell.swift */,
				27DEA1671C74A19400737B06 /* BrandsCollectionViewCell.xib */,
			);
			name = "Main Page";
			sourceTree = "<group>";
		};
		3BF046CFA4920BC612FB103D /* Frameworks */ = {
			isa = PBXGroup;
			children = (
				27DEA11D1C747E5200737B06 /* LapsSDK.xcodeproj */,
				1538ABC9524110F4EC29965F /* Pods.framework */,
			);
			name = Frameworks;
			sourceTree = "<group>";
		};
		C6FBA92068A8D91885CEEBB8 /* Pods */ = {
			isa = PBXGroup;
			children = (
				72488608B77ADABF88F4E00E /* Pods.debug.xcconfig */,
				D53975301D92A9C976A2AC1A /* Pods.release.xcconfig */,
			);
			name = Pods;
			sourceTree = "<group>";
		};
/* End PBXGroup section */

/* Begin PBXNativeTarget section */
		2755A26B1C724F2C006B5C5E /* Lapsapp */ = {
			isa = PBXNativeTarget;
			buildConfigurationList = 2755A2941C724F2D006B5C5E /* Build configuration list for PBXNativeTarget "Lapsapp" */;
			buildPhases = (
				2FF7103B7F525FD2A29FAA42 /* Check Pods Manifest.lock */,
				2755A2681C724F2C006B5C5E /* Sources */,
				2755A2691C724F2C006B5C5E /* Frameworks */,
				2755A26A1C724F2C006B5C5E /* Resources */,
				CF6D78515ACC81A80CF482D4 /* Embed Pods Frameworks */,
				77E3DB5D5161BFB70CCF063D /* Copy Pods Resources */,
			);
			buildRules = (
			);
			dependencies = (
			);
			name = Lapsapp;
			productName = Lapsapp;
			productReference = 2755A26C1C724F2C006B5C5E /* Lapsapp.app */;
			productType = "com.apple.product-type.application";
		};
		2755A27F1C724F2D006B5C5E /* LapsappTests */ = {
			isa = PBXNativeTarget;
			buildConfigurationList = 2755A2971C724F2D006B5C5E /* Build configuration list for PBXNativeTarget "LapsappTests" */;
			buildPhases = (
				2755A27C1C724F2D006B5C5E /* Sources */,
				2755A27D1C724F2D006B5C5E /* Frameworks */,
				2755A27E1C724F2D006B5C5E /* Resources */,
			);
			buildRules = (
			);
			dependencies = (
				2755A2821C724F2D006B5C5E /* PBXTargetDependency */,
			);
			name = LapsappTests;
			productName = LapsappTests;
			productReference = 2755A2801C724F2D006B5C5E /* LapsappTests.xctest */;
			productType = "com.apple.product-type.bundle.unit-test";
		};
		2755A28A1C724F2D006B5C5E /* LapsappUITests */ = {
			isa = PBXNativeTarget;
			buildConfigurationList = 2755A29A1C724F2D006B5C5E /* Build configuration list for PBXNativeTarget "LapsappUITests" */;
			buildPhases = (
				2755A2871C724F2D006B5C5E /* Sources */,
				2755A2881C724F2D006B5C5E /* Frameworks */,
				2755A2891C724F2D006B5C5E /* Resources */,
			);
			buildRules = (
			);
			dependencies = (
				2755A28D1C724F2D006B5C5E /* PBXTargetDependency */,
			);
			name = LapsappUITests;
			productName = LapsappUITests;
			productReference = 2755A28B1C724F2D006B5C5E /* LapsappUITests.xctest */;
			productType = "com.apple.product-type.bundle.ui-testing";
		};
/* End PBXNativeTarget section */

/* Begin PBXProject section */
		2755A2641C724F2C006B5C5E /* Project object */ = {
			isa = PBXProject;
			attributes = {
				LastUpgradeCheck = 0700;
				ORGANIZATIONNAME = "Laps LLC";
				TargetAttributes = {
					2755A26B1C724F2C006B5C5E = {
						CreatedOnToolsVersion = 7.0;
					};
					2755A27F1C724F2D006B5C5E = {
						CreatedOnToolsVersion = 7.0;
						TestTargetID = 2755A26B1C724F2C006B5C5E;
					};
					2755A28A1C724F2D006B5C5E = {
						CreatedOnToolsVersion = 7.0;
						TestTargetID = 2755A26B1C724F2C006B5C5E;
					};
				};
			};
			buildConfigurationList = 2755A2671C724F2C006B5C5E /* Build configuration list for PBXProject "Lapsapp" */;
			compatibilityVersion = "Xcode 3.2";
			developmentRegion = English;
			hasScannedForEncodings = 0;
			knownRegions = (
				en,
				Base,
			);
			mainGroup = 2755A2631C724F2C006B5C5E;
			productRefGroup = 2755A26D1C724F2C006B5C5E /* Products */;
			projectDirPath = "";
			projectReferences = (
				{
					ProductGroup = 27DEA11E1C747E5200737B06 /* Products */;
					ProjectRef = 27DEA11D1C747E5200737B06 /* LapsSDK.xcodeproj */;
				},
			);
			projectRoot = "";
			targets = (
				2755A26B1C724F2C006B5C5E /* Lapsapp */,
				2755A27F1C724F2D006B5C5E /* LapsappTests */,
				2755A28A1C724F2D006B5C5E /* LapsappUITests */,
			);
		};
/* End PBXProject section */

/* Begin PBXReferenceProxy section */
		27DEA1281C747E5200737B06 /* LapsSDK.framework */ = {
			isa = PBXReferenceProxy;
			fileType = wrapper.framework;
			path = LapsSDK.framework;
			remoteRef = 27DEA1271C747E5200737B06 /* PBXContainerItemProxy */;
			sourceTree = BUILT_PRODUCTS_DIR;
		};
		27DEA12A1C747E5200737B06 /* LapsSDK iOS.xctest */ = {
			isa = PBXReferenceProxy;
			fileType = wrapper.cfbundle;
			path = "LapsSDK iOS.xctest";
			remoteRef = 27DEA1291C747E5200737B06 /* PBXContainerItemProxy */;
			sourceTree = BUILT_PRODUCTS_DIR;
		};
		27DEA12C1C747E5200737B06 /* LapsSDK.framework */ = {
			isa = PBXReferenceProxy;
			fileType = wrapper.framework;
			path = LapsSDK.framework;
			remoteRef = 27DEA12B1C747E5200737B06 /* PBXContainerItemProxy */;
			sourceTree = BUILT_PRODUCTS_DIR;
		};
		27DEA12E1C747E5200737B06 /* LapsSDK iOS.xctest */ = {
			isa = PBXReferenceProxy;
			fileType = wrapper.cfbundle;
			path = "LapsSDK iOS.xctest";
			remoteRef = 27DEA12D1C747E5200737B06 /* PBXContainerItemProxy */;
			sourceTree = BUILT_PRODUCTS_DIR;
		};
		27DEA1301C747E5200737B06 /* LapsSDK.framework */ = {
			isa = PBXReferenceProxy;
			fileType = wrapper.framework;
			path = LapsSDK.framework;
			remoteRef = 27DEA12F1C747E5200737B06 /* PBXContainerItemProxy */;
			sourceTree = BUILT_PRODUCTS_DIR;
		};
		27DEA1321C747E5200737B06 /* LapsSDK iOS.xctest */ = {
			isa = PBXReferenceProxy;
			fileType = wrapper.cfbundle;
			path = "LapsSDK iOS.xctest";
			remoteRef = 27DEA1311C747E5200737B06 /* PBXContainerItemProxy */;
			sourceTree = BUILT_PRODUCTS_DIR;
		};
		27DEA1341C747E5200737B06 /* LapsSDK.framework */ = {
			isa = PBXReferenceProxy;
			fileType = wrapper.framework;
			path = LapsSDK.framework;
			remoteRef = 27DEA1331C747E5200737B06 /* PBXContainerItemProxy */;
			sourceTree = BUILT_PRODUCTS_DIR;
		};
/* End PBXReferenceProxy section */

/* Begin PBXResourcesBuildPhase section */
		2755A26A1C724F2C006B5C5E /* Resources */ = {
			isa = PBXResourcesBuildPhase;
			buildActionMask = 2147483647;
			files = (
				27FB32DF1C74E264003A0BF7 /* SideMenuViewCell.xib in Resources */,
				27FB32E51C74FBBE003A0BF7 /* test.mp4 in Resources */,
				27DBE17D1C75D23000BF2482 /* SideMenuTableHeader.xib in Resources */,
				27FB32F61C752D1F003A0BF7 /* test2.mp4 in Resources */,
				2755A27A1C724F2C006B5C5E /* LaunchScreen.storyboard in Resources */,
				2755A2751C724F2C006B5C5E /* Main.storyboard in Resources */,
				27DEA1691C74A19400737B06 /* BrandsCollectionViewCell.xib in Resources */,
				27FB32E11C74F855003A0BF7 /* Assets.xcassets in Resources */,
				27DBE17B1C75C72A00BF2482 /* Montserrat-Light.otf in Resources */,
			);
			runOnlyForDeploymentPostprocessing = 0;
		};
		2755A27E1C724F2D006B5C5E /* Resources */ = {
			isa = PBXResourcesBuildPhase;
			buildActionMask = 2147483647;
			files = (
			);
			runOnlyForDeploymentPostprocessing = 0;
		};
		2755A2891C724F2D006B5C5E /* Resources */ = {
			isa = PBXResourcesBuildPhase;
			buildActionMask = 2147483647;
			files = (
			);
			runOnlyForDeploymentPostprocessing = 0;
		};
/* End PBXResourcesBuildPhase section */

/* Begin PBXShellScriptBuildPhase section */
		2FF7103B7F525FD2A29FAA42 /* Check Pods Manifest.lock */ = {
			isa = PBXShellScriptBuildPhase;
			buildActionMask = 2147483647;
			files = (
			);
			inputPaths = (
			);
			name = "Check Pods Manifest.lock";
			outputPaths = (
			);
			runOnlyForDeploymentPostprocessing = 0;
			shellPath = /bin/sh;
			shellScript = "diff \"${PODS_ROOT}/../Podfile.lock\" \"${PODS_ROOT}/Manifest.lock\" > /dev/null\nif [[ $? != 0 ]] ; then\n    cat << EOM\nerror: The sandbox is not in sync with the Podfile.lock. Run 'pod install' or update your CocoaPods installation.\nEOM\n    exit 1\nfi\n";
			showEnvVarsInLog = 0;
		};
		77E3DB5D5161BFB70CCF063D /* Copy Pods Resources */ = {
			isa = PBXShellScriptBuildPhase;
			buildActionMask = 2147483647;
			files = (
			);
			inputPaths = (
			);
			name = "Copy Pods Resources";
			outputPaths = (
			);
			runOnlyForDeploymentPostprocessing = 0;
			shellPath = /bin/sh;
			shellScript = "\"${SRCROOT}/Pods/Target Support Files/Pods/Pods-resources.sh\"\n";
			showEnvVarsInLog = 0;
		};
		CF6D78515ACC81A80CF482D4 /* Embed Pods Frameworks */ = {
			isa = PBXShellScriptBuildPhase;
			buildActionMask = 2147483647;
			files = (
			);
			inputPaths = (
			);
			name = "Embed Pods Frameworks";
			outputPaths = (
			);
			runOnlyForDeploymentPostprocessing = 0;
			shellPath = /bin/sh;
			shellScript = "\"${SRCROOT}/Pods/Target Support Files/Pods/Pods-frameworks.sh\"\n";
			showEnvVarsInLog = 0;
		};
/* End PBXShellScriptBuildPhase section */

/* Begin PBXSourcesBuildPhase section */
		2755A2681C724F2C006B5C5E /* Sources */ = {
			isa = PBXSourcesBuildPhase;
			buildActionMask = 2147483647;
			files = (
				27DEA1371C7496E400737B06 /* FrostedViewController.swift in Sources */,
				2755A2721C724F2C006B5C5E /* MainPageViewController.swift in Sources */,
				2755A2701C724F2C006B5C5E /* AppDelegate.swift in Sources */,
				27DEA1681C74A19400737B06 /* BrandsCollectionViewCell.swift in Sources */,
				27DBE17F1C75D39800BF2482 /* SideMenuTableHeader.swift in Sources */,
				27DEA1471C749C6C00737B06 /* SideMenuViewController.swift in Sources */,
				27DEA1431C74995100737B06 /* BaseNavigationController.swift in Sources */,
				27FB32DE1C74E264003A0BF7 /* SideMenuViewCell.swift in Sources */,
				277139151C7285C1006D6E5E /* LoginScreenViewController.swift in Sources */,
			);
			runOnlyForDeploymentPostprocessing = 0;
		};
		2755A27C1C724F2D006B5C5E /* Sources */ = {
			isa = PBXSourcesBuildPhase;
			buildActionMask = 2147483647;
			files = (
				2755A2851C724F2D006B5C5E /* LapsappTests.swift in Sources */,
			);
			runOnlyForDeploymentPostprocessing = 0;
		};
		2755A2871C724F2D006B5C5E /* Sources */ = {
			isa = PBXSourcesBuildPhase;
			buildActionMask = 2147483647;
			files = (
				2755A2901C724F2D006B5C5E /* LapsappUITests.swift in Sources */,
			);
			runOnlyForDeploymentPostprocessing = 0;
		};
/* End PBXSourcesBuildPhase section */

/* Begin PBXTargetDependency section */
		2755A2821C724F2D006B5C5E /* PBXTargetDependency */ = {
			isa = PBXTargetDependency;
			target = 2755A26B1C724F2C006B5C5E /* Lapsapp */;
			targetProxy = 2755A2811C724F2D006B5C5E /* PBXContainerItemProxy */;
		};
		2755A28D1C724F2D006B5C5E /* PBXTargetDependency */ = {
			isa = PBXTargetDependency;
			target = 2755A26B1C724F2C006B5C5E /* Lapsapp */;
			targetProxy = 2755A28C1C724F2D006B5C5E /* PBXContainerItemProxy */;
		};
/* End PBXTargetDependency section */

/* Begin PBXVariantGroup section */
		2755A2731C724F2C006B5C5E /* Main.storyboard */ = {
			isa = PBXVariantGroup;
			children = (
				2755A2741C724F2C006B5C5E /* Base */,
			);
			name = Main.storyboard;
			sourceTree = "<group>";
		};
		2755A2781C724F2C006B5C5E /* LaunchScreen.storyboard */ = {
			isa = PBXVariantGroup;
			children = (
				2755A2791C724F2C006B5C5E /* Base */,
			);
			name = LaunchScreen.storyboard;
			sourceTree = "<group>";
		};
/* End PBXVariantGroup section */

/* Begin XCBuildConfiguration section */
		2755A2921C724F2D006B5C5E /* Debug */ = {
			isa = XCBuildConfiguration;
			buildSettings = {
				ALWAYS_SEARCH_USER_PATHS = NO;
				CLANG_CXX_LANGUAGE_STANDARD = "gnu++0x";
				CLANG_CXX_LIBRARY = "libc++";
				CLANG_ENABLE_MODULES = YES;
				CLANG_ENABLE_OBJC_ARC = YES;
				CLANG_WARN_BOOL_CONVERSION = YES;
				CLANG_WARN_CONSTANT_CONVERSION = YES;
				CLANG_WARN_DIRECT_OBJC_ISA_USAGE = YES_ERROR;
				CLANG_WARN_EMPTY_BODY = YES;
				CLANG_WARN_ENUM_CONVERSION = YES;
				CLANG_WARN_INT_CONVERSION = YES;
				CLANG_WARN_OBJC_ROOT_CLASS = YES_ERROR;
				CLANG_WARN_UNREACHABLE_CODE = YES;
				CLANG_WARN__DUPLICATE_METHOD_MATCH = YES;
				"CODE_SIGN_IDENTITY[sdk=iphoneos*]" = "iPhone Developer";
				COPY_PHASE_STRIP = NO;
				DEBUG_INFORMATION_FORMAT = dwarf;
				ENABLE_STRICT_OBJC_MSGSEND = YES;
				ENABLE_TESTABILITY = YES;
				GCC_C_LANGUAGE_STANDARD = gnu99;
				GCC_DYNAMIC_NO_PIC = NO;
				GCC_NO_COMMON_BLOCKS = YES;
				GCC_OPTIMIZATION_LEVEL = 0;
				GCC_PREPROCESSOR_DEFINITIONS = (
					"DEBUG=1",
					"$(inherited)",
				);
				GCC_WARN_64_TO_32_BIT_CONVERSION = YES;
				GCC_WARN_ABOUT_RETURN_TYPE = YES_ERROR;
				GCC_WARN_UNDECLARED_SELECTOR = YES;
				GCC_WARN_UNINITIALIZED_AUTOS = YES_AGGRESSIVE;
				GCC_WARN_UNUSED_FUNCTION = YES;
				GCC_WARN_UNUSED_VARIABLE = YES;
				IPHONEOS_DEPLOYMENT_TARGET = 9.0;
				MTL_ENABLE_DEBUG_INFO = YES;
				ONLY_ACTIVE_ARCH = YES;
				SDKROOT = iphoneos;
				SWIFT_OPTIMIZATION_LEVEL = "-Onone";
			};
			name = Debug;
		};
		2755A2931C724F2D006B5C5E /* Release */ = {
			isa = XCBuildConfiguration;
			buildSettings = {
				ALWAYS_SEARCH_USER_PATHS = NO;
				CLANG_CXX_LANGUAGE_STANDARD = "gnu++0x";
				CLANG_CXX_LIBRARY = "libc++";
				CLANG_ENABLE_MODULES = YES;
				CLANG_ENABLE_OBJC_ARC = YES;
				CLANG_WARN_BOOL_CONVERSION = YES;
				CLANG_WARN_CONSTANT_CONVERSION = YES;
				CLANG_WARN_DIRECT_OBJC_ISA_USAGE = YES_ERROR;
				CLANG_WARN_EMPTY_BODY = YES;
				CLANG_WARN_ENUM_CONVERSION = YES;
				CLANG_WARN_INT_CONVERSION = YES;
				CLANG_WARN_OBJC_ROOT_CLASS = YES_ERROR;
				CLANG_WARN_UNREACHABLE_CODE = YES;
				CLANG_WARN__DUPLICATE_METHOD_MATCH = YES;
				"CODE_SIGN_IDENTITY[sdk=iphoneos*]" = "iPhone Developer";
				COPY_PHASE_STRIP = NO;
				DEBUG_INFORMATION_FORMAT = "dwarf-with-dsym";
				ENABLE_NS_ASSERTIONS = NO;
				ENABLE_STRICT_OBJC_MSGSEND = YES;
				GCC_C_LANGUAGE_STANDARD = gnu99;
				GCC_NO_COMMON_BLOCKS = YES;
				GCC_WARN_64_TO_32_BIT_CONVERSION = YES;
				GCC_WARN_ABOUT_RETURN_TYPE = YES_ERROR;
				GCC_WARN_UNDECLARED_SELECTOR = YES;
				GCC_WARN_UNINITIALIZED_AUTOS = YES_AGGRESSIVE;
				GCC_WARN_UNUSED_FUNCTION = YES;
				GCC_WARN_UNUSED_VARIABLE = YES;
				IPHONEOS_DEPLOYMENT_TARGET = 9.0;
				MTL_ENABLE_DEBUG_INFO = NO;
				SDKROOT = iphoneos;
				VALIDATE_PRODUCT = YES;
			};
			name = Release;
		};
		2755A2951C724F2D006B5C5E /* Debug */ = {
			isa = XCBuildConfiguration;
			baseConfigurationReference = 72488608B77ADABF88F4E00E /* Pods.debug.xcconfig */;
			buildSettings = {
				ASSETCATALOG_COMPILER_APPICON_NAME = AppIcon;
				INFOPLIST_FILE = Lapsapp/Info.plist;
				LD_RUNPATH_SEARCH_PATHS = "$(inherited) @executable_path/Frameworks";
				PRODUCT_BUNDLE_IDENTIFIER = LPS.Lapsapp;
				PRODUCT_NAME = "$(TARGET_NAME)";
			};
			name = Debug;
		};
		2755A2961C724F2D006B5C5E /* Release */ = {
			isa = XCBuildConfiguration;
			baseConfigurationReference = D53975301D92A9C976A2AC1A /* Pods.release.xcconfig */;
			buildSettings = {
				ASSETCATALOG_COMPILER_APPICON_NAME = AppIcon;
				INFOPLIST_FILE = Lapsapp/Info.plist;
				LD_RUNPATH_SEARCH_PATHS = "$(inherited) @executable_path/Frameworks";
				PRODUCT_BUNDLE_IDENTIFIER = LPS.Lapsapp;
				PRODUCT_NAME = "$(TARGET_NAME)";
			};
			name = Release;
		};
		2755A2981C724F2D006B5C5E /* Debug */ = {
			isa = XCBuildConfiguration;
			buildSettings = {
				BUNDLE_LOADER = "$(TEST_HOST)";
				INFOPLIST_FILE = LapsappTests/Info.plist;
				LD_RUNPATH_SEARCH_PATHS = "$(inherited) @executable_path/Frameworks @loader_path/Frameworks";
				PRODUCT_BUNDLE_IDENTIFIER = LPS.LapsappTests;
				PRODUCT_NAME = "$(TARGET_NAME)";
				TEST_HOST = "$(BUILT_PRODUCTS_DIR)/Lapsapp.app/Lapsapp";
			};
			name = Debug;
		};
		2755A2991C724F2D006B5C5E /* Release */ = {
			isa = XCBuildConfiguration;
			buildSettings = {
				BUNDLE_LOADER = "$(TEST_HOST)";
				INFOPLIST_FILE = LapsappTests/Info.plist;
				LD_RUNPATH_SEARCH_PATHS = "$(inherited) @executable_path/Frameworks @loader_path/Frameworks";
				PRODUCT_BUNDLE_IDENTIFIER = LPS.LapsappTests;
				PRODUCT_NAME = "$(TARGET_NAME)";
				TEST_HOST = "$(BUILT_PRODUCTS_DIR)/Lapsapp.app/Lapsapp";
			};
			name = Release;
		};
		2755A29B1C724F2D006B5C5E /* Debug */ = {
			isa = XCBuildConfiguration;
			buildSettings = {
				INFOPLIST_FILE = LapsappUITests/Info.plist;
				LD_RUNPATH_SEARCH_PATHS = "$(inherited) @executable_path/Frameworks @loader_path/Frameworks";
				PRODUCT_BUNDLE_IDENTIFIER = LPS.LapsappUITests;
				PRODUCT_NAME = "$(TARGET_NAME)";
				TEST_TARGET_NAME = Lapsapp;
				USES_XCTRUNNER = YES;
			};
			name = Debug;
		};
		2755A29C1C724F2D006B5C5E /* Release */ = {
			isa = XCBuildConfiguration;
			buildSettings = {
				INFOPLIST_FILE = LapsappUITests/Info.plist;
				LD_RUNPATH_SEARCH_PATHS = "$(inherited) @executable_path/Frameworks @loader_path/Frameworks";
				PRODUCT_BUNDLE_IDENTIFIER = LPS.LapsappUITests;
				PRODUCT_NAME = "$(TARGET_NAME)";
				TEST_TARGET_NAME = Lapsapp;
				USES_XCTRUNNER = YES;
			};
			name = Release;
		};
/* End XCBuildConfiguration section */

/* Begin XCConfigurationList section */
		2755A2671C724F2C006B5C5E /* Build configuration list for PBXProject "Lapsapp" */ = {
			isa = XCConfigurationList;
			buildConfigurations = (
				2755A2921C724F2D006B5C5E /* Debug */,
				2755A2931C724F2D006B5C5E /* Release */,
			);
			defaultConfigurationIsVisible = 0;
			defaultConfigurationName = Release;
		};
		2755A2941C724F2D006B5C5E /* Build configuration list for PBXNativeTarget "Lapsapp" */ = {
			isa = XCConfigurationList;
			buildConfigurations = (
				2755A2951C724F2D006B5C5E /* Debug */,
				2755A2961C724F2D006B5C5E /* Release */,
			);
			defaultConfigurationIsVisible = 0;
			defaultConfigurationName = Release;
		};
		2755A2971C724F2D006B5C5E /* Build configuration list for PBXNativeTarget "LapsappTests" */ = {
			isa = XCConfigurationList;
			buildConfigurations = (
				2755A2981C724F2D006B5C5E /* Debug */,
				2755A2991C724F2D006B5C5E /* Release */,
			);
			defaultConfigurationIsVisible = 0;
			defaultConfigurationName = Release;
		};
		2755A29A1C724F2D006B5C5E /* Build configuration list for PBXNativeTarget "LapsappUITests" */ = {
			isa = XCConfigurationList;
			buildConfigurations = (
				2755A29B1C724F2D006B5C5E /* Debug */,
				2755A29C1C724F2D006B5C5E /* Release */,
			);
			defaultConfigurationIsVisible = 0;
			defaultConfigurationName = Release;
		};
/* End XCConfigurationList section */
	};
	rootObject = 2755A2641C724F2C006B5C5E /* Project object */;
}
